
Microsoft Visual Studio Solution File, Format Version 12.00
# Visual Studio Version 17
VisualStudioVersion = 17.11.35327.3
MinimumVisualStudioVersion = 10.0.40219.1
Project("{9A19103F-16F7-4668-BE54-9A1E7A4F7556}") = "API", "API\API.csproj", "{ED799A49-A81E-4FB4-AF20-264F3735C637}"
EndProject
Project("{9A19103F-16F7-4668-BE54-9A1E7A4F7556}") = "Domain", "Domain\Domain.csproj", "{141ACB68-A195-42D7-8BBF-C4A4C4C3D890}"
EndProject
Project("{9A19103F-16F7-4668-BE54-9A1E7A4F7556}") = "Application", "Application\Application.csproj", "{3AAB1B5B-246D-45B5-9A44-04AB1C86F600}"
EndProject
Project("{9A19103F-16F7-4668-BE54-9A1E7A4F7556}") = "Infrastructure", "Infrastructure\Infrastructure.csproj", "{851C34F4-8DF2-4D80-B02E-D8A5885EC1B6}"
EndProject
Global
	GlobalSection(SolutionConfigurationPlatforms) = preSolution
		Debug|Any CPU = Debug|Any CPU
		Release|Any CPU = Release|Any CPU
	EndGlobalSection
	GlobalSection(ProjectConfigurationPlatforms) = postSolution
		{ED799A49-A81E-4FB4-AF20-264F3735C637}.Debug|Any CPU.ActiveCfg = Debug|Any CPU
		{ED799A49-A81E-4FB4-AF20-264F3735C637}.Debug|Any CPU.Build.0 = Debug|Any CPU
		{ED799A49-A81E-4FB4-AF20-264F3735C637}.Release|Any CPU.ActiveCfg = Release|Any CPU
		{ED799A49-A81E-4FB4-AF20-264F3735C637}.Release|Any CPU.Build.0 = Release|Any CPU
		{141ACB68-A195-42D7-8BBF-C4A4C4C3D890}.Debug|Any CPU.ActiveCfg = Debug|Any CPU
		{141ACB68-A195-42D7-8BBF-C4A4C4C3D890}.Debug|Any CPU.Build.0 = Debug|Any CPU
		{141ACB68-A195-42D7-8BBF-C4A4C4C3D890}.Release|Any CPU.ActiveCfg = Release|Any CPU
		{141ACB68-A195-42D7-8BBF-C4A4C4C3D890}.Release|Any CPU.Build.0 = Release|Any CPU
		{3AAB1B5B-246D-45B5-9A44-04AB1C86F600}.Debug|Any CPU.ActiveCfg = Debug|Any CPU
		{3AAB1B5B-246D-45B5-9A44-04AB1C86F600}.Debug|Any CPU.Build.0 = Debug|Any CPU
		{3AAB1B5B-246D-45B5-9A44-04AB1C86F600}.Release|Any CPU.ActiveCfg = Release|Any CPU
		{3AAB1B5B-246D-45B5-9A44-04AB1C86F600}.Release|Any CPU.Build.0 = Release|Any CPU
		{851C34F4-8DF2-4D80-B02E-D8A5885EC1B6}.Debug|Any CPU.ActiveCfg = Debug|Any CPU
		{851C34F4-8DF2-4D80-B02E-D8A5885EC1B6}.Debug|Any CPU.Build.0 = Debug|Any CPU
		{851C34F4-8DF2-4D80-B02E-D8A5885EC1B6}.Release|Any CPU.ActiveCfg = Release|Any CPU
		{851C34F4-8DF2-4D80-B02E-D8A5885EC1B6}.Release|Any CPU.Build.0 = Release|Any CPU
	EndGlobalSection
	GlobalSection(SolutionProperties) = preSolution
		HideSolutionNode = FALSE
	EndGlobalSection
	GlobalSection(ExtensibilityGlobals) = postSolution
		SolutionGuid = {7E72681D-065B-4CBA-9D72-FAB7BD6F4499}
	EndGlobalSection
EndGlobal
